
Microsoft Visual Studio Solution File, Format Version 12.00
# Visual Studio Version 17
VisualStudioVersion = 17.3.32811.315
MinimumVisualStudioVersion = 10.0.40219.1
Project("{FAE04EC0-301F-11D3-BF4B-00C04F79EFBC}") = "AdventOfCode", "AdventOfCode\AdventOfCode.csproj", "{6BD327EE-6989-4927-BB9C-B9B3F7D111CA}"
EndProject
Global
	GlobalSection(SolutionConfigurationPlatforms) = preSolution
		Debug|Any CPU = Debug|Any CPU
		Release|Any CPU = Release|Any CPU
	EndGlobalSection
	GlobalSection(ProjectConfigurationPlatforms) = postSolution
		{6BD327EE-6989-4927-BB9C-B9B3F7D111CA}.Debug|Any CPU.ActiveCfg = Debug|Any CPU
		{6BD327EE-6989-4927-BB9C-B9B3F7D111CA}.Debug|Any CPU.Build.0 = Debug|Any CPU
		{6BD327EE-6989-4927-BB9C-B9B3F7D111CA}.Release|Any CPU.ActiveCfg = Release|Any CPU
		{6BD327EE-6989-4927-BB9C-B9B3F7D111CA}.Release|Any CPU.Build.0 = Release|Any CPU
	EndGlobalSection
	GlobalSection(SolutionProperties) = preSolution
		HideSolutionNode = FALSE
	EndGlobalSection
	GlobalSection(ExtensibilityGlobals) = postSolution
		SolutionGuid = {C2985101-9193-4AF6-BAC9-612E25A0BDBA}
	EndGlobalSection
EndGlobal
